
Microsoft Visual Studio Solution File, Format Version 12.00
# Visual Studio 15
Project("{FAE04EC0-301F-11D3-BF4B-00C04F79EFBC}") = "Assembly-CSharp", "Assembly-CSharp.csproj", "{EE0DB4B5-478C-FDD8-C02A-4879ADA714CA}"
EndProject
Global
	GlobalSection(SolutionConfigurationPlatforms) = preSolution
		Debug|Any CPU = Debug|Any CPU
		Release|Any CPU = Release|Any CPU
	EndGlobalSection
	GlobalSection(ProjectConfigurationPlatforms) = postSolution
		{EE0DB4B5-478C-FDD8-C02A-4879ADA714CA}.Debug|Any CPU.ActiveCfg = Debug|Any CPU
		{EE0DB4B5-478C-FDD8-C02A-4879ADA714CA}.Debug|Any CPU.Build.0 = Debug|Any CPU
		{EE0DB4B5-478C-FDD8-C02A-4879ADA714CA}.Release|Any CPU.ActiveCfg = Release|Any CPU
		{EE0DB4B5-478C-FDD8-C02A-4879ADA714CA}.Release|Any CPU.Build.0 = Release|Any CPU
	EndGlobalSection
	GlobalSection(SolutionProperties) = preSolution
		HideSolutionNode = FALSE
	EndGlobalSection
EndGlobal
